
Microsoft Visual Studio Solution File, Format Version 12.00
# Visual Studio Version 16
VisualStudioVersion = 16.0.29418.71
MinimumVisualStudioVersion = 10.0.40219.1
Project("{FAE04EC0-301F-11D3-BF4B-00C04F79EFBC}") = "WFA191116", "WFA191116\WFA191116.csproj", "{04966160-7B19-499F-83AB-3ADB19232F20}"
EndProject
Global
	GlobalSection(SolutionConfigurationPlatforms) = preSolution
		Debug|Any CPU = Debug|Any CPU
		Release|Any CPU = Release|Any CPU
	EndGlobalSection
	GlobalSection(ProjectConfigurationPlatforms) = postSolution
		{04966160-7B19-499F-83AB-3ADB19232F20}.Debug|Any CPU.ActiveCfg = Debug|Any CPU
		{04966160-7B19-499F-83AB-3ADB19232F20}.Debug|Any CPU.Build.0 = Debug|Any CPU
		{04966160-7B19-499F-83AB-3ADB19232F20}.Release|Any CPU.ActiveCfg = Release|Any CPU
		{04966160-7B19-499F-83AB-3ADB19232F20}.Release|Any CPU.Build.0 = Release|Any CPU
	EndGlobalSection
	GlobalSection(SolutionProperties) = preSolution
		HideSolutionNode = FALSE
	EndGlobalSection
	GlobalSection(ExtensibilityGlobals) = postSolution
		SolutionGuid = {90C5C704-AFE1-469C-9FD4-60B60EE47C20}
	EndGlobalSection
EndGlobal
